
Microsoft Visual Studio Solution File, Format Version 12.00
# Visual Studio Version 17
VisualStudioVersion = 17.9.34714.143
MinimumVisualStudioVersion = 10.0.40219.1
Project("{FAE04EC0-301F-11D3-BF4B-00C04F79EFBC}") = "Produktliste", "Produktliste\Produktliste.csproj", "{170DA8CC-1936-42B9-A009-DB96C0C5D91C}"
EndProject
Global
	GlobalSection(SolutionConfigurationPlatforms) = preSolution
		Debug|Any CPU = Debug|Any CPU
		Release|Any CPU = Release|Any CPU
	EndGlobalSection
	GlobalSection(ProjectConfigurationPlatforms) = postSolution
		{170DA8CC-1936-42B9-A009-DB96C0C5D91C}.Debug|Any CPU.ActiveCfg = Debug|Any CPU
		{170DA8CC-1936-42B9-A009-DB96C0C5D91C}.Debug|Any CPU.Build.0 = Debug|Any CPU
		{170DA8CC-1936-42B9-A009-DB96C0C5D91C}.Release|Any CPU.ActiveCfg = Release|Any CPU
		{170DA8CC-1936-42B9-A009-DB96C0C5D91C}.Release|Any CPU.Build.0 = Release|Any CPU
	EndGlobalSection
	GlobalSection(SolutionProperties) = preSolution
		HideSolutionNode = FALSE
	EndGlobalSection
	GlobalSection(ExtensibilityGlobals) = postSolution
		SolutionGuid = {B1AF9C75-42E2-41D1-AC75-30838370870E}
	EndGlobalSection
EndGlobal
